
Microsoft Visual Studio Solution File, Format Version 12.00
# Visual Studio 2012
Project("{E24C65DC-7377-472B-9ABA-BC803B73C61A}") = "Bookshop", ".", "{D562B42F-14B2-43EF-90FA-72B700E79F48}"
	ProjectSection(WebsiteProperties) = preProject
		TargetFrameworkMoniker = ".NETFramework,Version%3Dv4.5"
		Debug.AspNetCompiler.VirtualPath = "/Bookshop"
		Debug.AspNetCompiler.PhysicalPath = "..\..\..\Ann\CSharped\Bookshop\"
		Debug.AspNetCompiler.TargetPath = "PrecompiledWeb\Bookshop\"
		Debug.AspNetCompiler.Updateable = "true"
		Debug.AspNetCompiler.ForceOverwrite = "true"
		Debug.AspNetCompiler.FixedNames = "false"
		Debug.AspNetCompiler.Debug = "True"
		Release.AspNetCompiler.VirtualPath = "/Bookshop"
		Release.AspNetCompiler.PhysicalPath = "..\..\..\Ann\CSharped\Bookshop\"
		Release.AspNetCompiler.TargetPath = "PrecompiledWeb\Bookshop\"
		Release.AspNetCompiler.Updateable = "true"
		Release.AspNetCompiler.ForceOverwrite = "true"
		Release.AspNetCompiler.FixedNames = "false"
		Release.AspNetCompiler.Debug = "False"
		VWDPort = "6904"
	EndProjectSection
EndProject
Global
	GlobalSection(SolutionConfigurationPlatforms) = preSolution
		Debug|Any CPU = Debug|Any CPU
	EndGlobalSection
	GlobalSection(ProjectConfigurationPlatforms) = postSolution
		{D562B42F-14B2-43EF-90FA-72B700E79F48}.Debug|Any CPU.ActiveCfg = Debug|Any CPU
		{D562B42F-14B2-43EF-90FA-72B700E79F48}.Debug|Any CPU.Build.0 = Debug|Any CPU
	EndGlobalSection
	GlobalSection(SolutionProperties) = preSolution
		HideSolutionNode = FALSE
	EndGlobalSection
EndGlobal
